
Microsoft Visual Studio Solution File, Format Version 12.00
# Visual Studio Version 17
VisualStudioVersion = 17.2.32602.215
MinimumVisualStudioVersion = 10.0.40219.1
Project("{FAE04EC0-301F-11D3-BF4B-00C04F79EFBC}") = "lesson_5 (09.07.2022)", "lesson_5 (09.07.2022).csproj", "{C5820AF0-5971-4312-AC4C-E47EBC4D1A0D}"
EndProject
Global
	GlobalSection(SolutionConfigurationPlatforms) = preSolution
		Debug|Any CPU = Debug|Any CPU
		Release|Any CPU = Release|Any CPU
	EndGlobalSection
	GlobalSection(ProjectConfigurationPlatforms) = postSolution
		{C5820AF0-5971-4312-AC4C-E47EBC4D1A0D}.Debug|Any CPU.ActiveCfg = Debug|Any CPU
		{C5820AF0-5971-4312-AC4C-E47EBC4D1A0D}.Debug|Any CPU.Build.0 = Debug|Any CPU
		{C5820AF0-5971-4312-AC4C-E47EBC4D1A0D}.Release|Any CPU.ActiveCfg = Release|Any CPU
		{C5820AF0-5971-4312-AC4C-E47EBC4D1A0D}.Release|Any CPU.Build.0 = Release|Any CPU
	EndGlobalSection
	GlobalSection(SolutionProperties) = preSolution
		HideSolutionNode = FALSE
	EndGlobalSection
	GlobalSection(ExtensibilityGlobals) = postSolution
		SolutionGuid = {D550D4FD-214A-40A5-9F9B-45A57995D176}
	EndGlobalSection
EndGlobal
