
Microsoft Visual Studio Solution File, Format Version 12.00
# Visual Studio Version 17
VisualStudioVersion = 17.2.32602.215
MinimumVisualStudioVersion = 10.0.40219.1
Project("{FAE04EC0-301F-11D3-BF4B-00C04F79EFBC}") = "SQL_3", "SQL_3.csproj", "{3F8F9416-1B3F-411A-BC16-5E6C97259115}"
EndProject
Global
	GlobalSection(SolutionConfigurationPlatforms) = preSolution
		Debug|Any CPU = Debug|Any CPU
		Release|Any CPU = Release|Any CPU
	EndGlobalSection
	GlobalSection(ProjectConfigurationPlatforms) = postSolution
		{3F8F9416-1B3F-411A-BC16-5E6C97259115}.Debug|Any CPU.ActiveCfg = Debug|Any CPU
		{3F8F9416-1B3F-411A-BC16-5E6C97259115}.Debug|Any CPU.Build.0 = Debug|Any CPU
		{3F8F9416-1B3F-411A-BC16-5E6C97259115}.Release|Any CPU.ActiveCfg = Release|Any CPU
		{3F8F9416-1B3F-411A-BC16-5E6C97259115}.Release|Any CPU.Build.0 = Release|Any CPU
	EndGlobalSection
	GlobalSection(SolutionProperties) = preSolution
		HideSolutionNode = FALSE
	EndGlobalSection
	GlobalSection(ExtensibilityGlobals) = postSolution
		SolutionGuid = {B31F771F-49A1-46E3-B375-F2367079A1C6}
	EndGlobalSection
EndGlobal
